
Microsoft Visual Studio Solution File, Format Version 12.00
# Visual Studio Version 16
VisualStudioVersion = 16.0.31321.278
MinimumVisualStudioVersion = 10.0.40219.1
Project("{2150E333-8FDC-42A3-9474-1A3956D46DE8}") = "API", "API", "{800F41A1-A5A1-4421-83E2-83680F0E8CDF}"
EndProject
Project("{2150E333-8FDC-42A3-9474-1A3956D46DE8}") = "APP", "APP", "{C0090F35-0815-48A1-99FF-DA277F3A9CD9}"
EndProject
Project("{FAE04EC0-301F-11D3-BF4B-00C04F79EFBC}") = "JobSearch.API", "JobSearch.API\JobSearch.API.csproj", "{A91D00A3-11F8-4E8E-AD64-A3C55A9FCC51}"
EndProject
Project("{FAE04EC0-301F-11D3-BF4B-00C04F79EFBC}") = "JobSearch.APP.Android", "JobSearch.APP\JobSearch.APP.Android\JobSearch.APP.Android.csproj", "{09BB25D5-9DAE-4A79-8DEF-03216DC105C9}"
EndProject
Project("{FAE04EC0-301F-11D3-BF4B-00C04F79EFBC}") = "JobSearch.APP.iOS", "JobSearch.APP\JobSearch.APP.iOS\JobSearch.APP.iOS.csproj", "{1BD63090-D33C-4F00-8720-FF40709A740B}"
EndProject
Project("{FAE04EC0-301F-11D3-BF4B-00C04F79EFBC}") = "JobSearch.APP", "JobSearch.APP\JobSearch.APP\JobSearch.APP.csproj", "{710E71F5-74AD-4FED-B655-0B853AC5945B}"
EndProject
Project("{2150E333-8FDC-42A3-9474-1A3956D46DE8}") = "Domain", "Domain", "{A69E26C2-836D-419C-9811-45DE073527D8}"
EndProject
Project("{FAE04EC0-301F-11D3-BF4B-00C04F79EFBC}") = "JobSearch.Domain", "JobSearch.Domain\JobSearch.Domain.csproj", "{34C7DE35-FF93-4434-B71E-2D85357880D6}"
EndProject
Global
	GlobalSection(SolutionConfigurationPlatforms) = preSolution
		Debug|Any CPU = Debug|Any CPU
		Debug|iPhone = Debug|iPhone
		Debug|iPhoneSimulator = Debug|iPhoneSimulator
		Release|Any CPU = Release|Any CPU
		Release|iPhone = Release|iPhone
		Release|iPhoneSimulator = Release|iPhoneSimulator
	EndGlobalSection
	GlobalSection(ProjectConfigurationPlatforms) = postSolution
		{A91D00A3-11F8-4E8E-AD64-A3C55A9FCC51}.Debug|Any CPU.ActiveCfg = Debug|Any CPU
		{A91D00A3-11F8-4E8E-AD64-A3C55A9FCC51}.Debug|Any CPU.Build.0 = Debug|Any CPU
		{A91D00A3-11F8-4E8E-AD64-A3C55A9FCC51}.Debug|iPhone.ActiveCfg = Debug|Any CPU
		{A91D00A3-11F8-4E8E-AD64-A3C55A9FCC51}.Debug|iPhone.Build.0 = Debug|Any CPU
		{A91D00A3-11F8-4E8E-AD64-A3C55A9FCC51}.Debug|iPhoneSimulator.ActiveCfg = Debug|Any CPU
		{A91D00A3-11F8-4E8E-AD64-A3C55A9FCC51}.Debug|iPhoneSimulator.Build.0 = Debug|Any CPU
		{A91D00A3-11F8-4E8E-AD64-A3C55A9FCC51}.Release|Any CPU.ActiveCfg = Release|Any CPU
		{A91D00A3-11F8-4E8E-AD64-A3C55A9FCC51}.Release|Any CPU.Build.0 = Release|Any CPU
		{A91D00A3-11F8-4E8E-AD64-A3C55A9FCC51}.Release|iPhone.ActiveCfg = Release|Any CPU
		{A91D00A3-11F8-4E8E-AD64-A3C55A9FCC51}.Release|iPhone.Build.0 = Release|Any CPU
		{A91D00A3-11F8-4E8E-AD64-A3C55A9FCC51}.Release|iPhoneSimulator.ActiveCfg = Release|Any CPU
		{A91D00A3-11F8-4E8E-AD64-A3C55A9FCC51}.Release|iPhoneSimulator.Build.0 = Release|Any CPU
		{09BB25D5-9DAE-4A79-8DEF-03216DC105C9}.Debug|Any CPU.ActiveCfg = Debug|Any CPU
		{09BB25D5-9DAE-4A79-8DEF-03216DC105C9}.Debug|Any CPU.Build.0 = Debug|Any CPU
		{09BB25D5-9DAE-4A79-8DEF-03216DC105C9}.Debug|Any CPU.Deploy.0 = Debug|Any CPU
		{09BB25D5-9DAE-4A79-8DEF-03216DC105C9}.Debug|iPhone.ActiveCfg = Debug|Any CPU
		{09BB25D5-9DAE-4A79-8DEF-03216DC105C9}.Debug|iPhone.Build.0 = Debug|Any CPU
		{09BB25D5-9DAE-4A79-8DEF-03216DC105C9}.Debug|iPhone.Deploy.0 = Debug|Any CPU
		{09BB25D5-9DAE-4A79-8DEF-03216DC105C9}.Debug|iPhoneSimulator.ActiveCfg = Debug|Any CPU
		{09BB25D5-9DAE-4A79-8DEF-03216DC105C9}.Debug|iPhoneSimulator.Build.0 = Debug|Any CPU
		{09BB25D5-9DAE-4A79-8DEF-03216DC105C9}.Debug|iPhoneSimulator.Deploy.0 = Debug|Any CPU
		{09BB25D5-9DAE-4A79-8DEF-03216DC105C9}.Release|Any CPU.ActiveCfg = Release|Any CPU
		{09BB25D5-9DAE-4A79-8DEF-03216DC105C9}.Release|Any CPU.Build.0 = Release|Any CPU
		{09BB25D5-9DAE-4A79-8DEF-03216DC105C9}.Release|Any CPU.Deploy.0 = Release|Any CPU
		{09BB25D5-9DAE-4A79-8DEF-03216DC105C9}.Release|iPhone.ActiveCfg = Release|Any CPU
		{09BB25D5-9DAE-4A79-8DEF-03216DC105C9}.Release|iPhone.Build.0 = Release|Any CPU
		{09BB25D5-9DAE-4A79-8DEF-03216DC105C9}.Release|iPhone.Deploy.0 = Release|Any CPU
		{09BB25D5-9DAE-4A79-8DEF-03216DC105C9}.Release|iPhoneSimulator.ActiveCfg = Release|Any CPU
		{09BB25D5-9DAE-4A79-8DEF-03216DC105C9}.Release|iPhoneSimulator.Build.0 = Release|Any CPU
		{09BB25D5-9DAE-4A79-8DEF-03216DC105C9}.Release|iPhoneSimulator.Deploy.0 = Release|Any CPU
		{1BD63090-D33C-4F00-8720-FF40709A740B}.Debug|Any CPU.ActiveCfg = Debug|iPhoneSimulator
		{1BD63090-D33C-4F00-8720-FF40709A740B}.Debug|iPhone.ActiveCfg = Debug|iPhone
		{1BD63090-D33C-4F00-8720-FF40709A740B}.Debug|iPhone.Build.0 = Debug|iPhone
		{1BD63090-D33C-4F00-8720-FF40709A740B}.Debug|iPhoneSimulator.ActiveCfg = Debug|iPhoneSimulator
		{1BD63090-D33C-4F00-8720-FF40709A740B}.Debug|iPhoneSimulator.Build.0 = Debug|iPhoneSimulator
		{1BD63090-D33C-4F00-8720-FF40709A740B}.Release|Any CPU.ActiveCfg = Release|iPhoneSimulator
		{1BD63090-D33C-4F00-8720-FF40709A740B}.Release|iPhone.ActiveCfg = Release|iPhone
		{1BD63090-D33C-4F00-8720-FF40709A740B}.Release|iPhone.Build.0 = Release|iPhone
		{1BD63090-D33C-4F00-8720-FF40709A740B}.Release|iPhoneSimulator.ActiveCfg = Release|iPhoneSimulator
		{1BD63090-D33C-4F00-8720-FF40709A740B}.Release|iPhoneSimulator.Build.0 = Release|iPhoneSimulator
		{710E71F5-74AD-4FED-B655-0B853AC5945B}.Debug|Any CPU.ActiveCfg = Debug|Any CPU
		{710E71F5-74AD-4FED-B655-0B853AC5945B}.Debug|Any CPU.Build.0 = Debug|Any CPU
		{710E71F5-74AD-4FED-B655-0B853AC5945B}.Debug|iPhone.ActiveCfg = Debug|Any CPU
		{710E71F5-74AD-4FED-B655-0B853AC5945B}.Debug|iPhone.Build.0 = Debug|Any CPU
		{710E71F5-74AD-4FED-B655-0B853AC5945B}.Debug|iPhoneSimulator.ActiveCfg = Debug|Any CPU
		{710E71F5-74AD-4FED-B655-0B853AC5945B}.Debug|iPhoneSimulator.Build.0 = Debug|Any CPU
		{710E71F5-74AD-4FED-B655-0B853AC5945B}.Release|Any CPU.ActiveCfg = Release|Any CPU
		{710E71F5-74AD-4FED-B655-0B853AC5945B}.Release|Any CPU.Build.0 = Release|Any CPU
		{710E71F5-74AD-4FED-B655-0B853AC5945B}.Release|iPhone.ActiveCfg = Release|Any CPU
		{710E71F5-74AD-4FED-B655-0B853AC5945B}.Release|iPhone.Build.0 = Release|Any CPU
		{710E71F5-74AD-4FED-B655-0B853AC5945B}.Release|iPhoneSimulator.ActiveCfg = Release|Any CPU
		{710E71F5-74AD-4FED-B655-0B853AC5945B}.Release|iPhoneSimulator.Build.0 = Release|Any CPU
		{34C7DE35-FF93-4434-B71E-2D85357880D6}.Debug|Any CPU.ActiveCfg = Debug|Any CPU
		{34C7DE35-FF93-4434-B71E-2D85357880D6}.Debug|Any CPU.Build.0 = Debug|Any CPU
		{34C7DE35-FF93-4434-B71E-2D85357880D6}.Debug|iPhone.ActiveCfg = Debug|Any CPU
		{34C7DE35-FF93-4434-B71E-2D85357880D6}.Debug|iPhone.Build.0 = Debug|Any CPU
		{34C7DE35-FF93-4434-B71E-2D85357880D6}.Debug|iPhoneSimulator.ActiveCfg = Debug|Any CPU
		{34C7DE35-FF93-4434-B71E-2D85357880D6}.Debug|iPhoneSimulator.Build.0 = Debug|Any CPU
		{34C7DE35-FF93-4434-B71E-2D85357880D6}.Release|Any CPU.ActiveCfg = Release|Any CPU
		{34C7DE35-FF93-4434-B71E-2D85357880D6}.Release|Any CPU.Build.0 = Release|Any CPU
		{34C7DE35-FF93-4434-B71E-2D85357880D6}.Release|iPhone.ActiveCfg = Release|Any CPU
		{34C7DE35-FF93-4434-B71E-2D85357880D6}.Release|iPhone.Build.0 = Release|Any CPU
		{34C7DE35-FF93-4434-B71E-2D85357880D6}.Release|iPhoneSimulator.ActiveCfg = Release|Any CPU
		{34C7DE35-FF93-4434-B71E-2D85357880D6}.Release|iPhoneSimulator.Build.0 = Release|Any CPU
	EndGlobalSection
	GlobalSection(SolutionProperties) = preSolution
		HideSolutionNode = FALSE
	EndGlobalSection
	GlobalSection(NestedProjects) = preSolution
		{A91D00A3-11F8-4E8E-AD64-A3C55A9FCC51} = {800F41A1-A5A1-4421-83E2-83680F0E8CDF}
		{09BB25D5-9DAE-4A79-8DEF-03216DC105C9} = {C0090F35-0815-48A1-99FF-DA277F3A9CD9}
		{1BD63090-D33C-4F00-8720-FF40709A740B} = {C0090F35-0815-48A1-99FF-DA277F3A9CD9}
		{710E71F5-74AD-4FED-B655-0B853AC5945B} = {C0090F35-0815-48A1-99FF-DA277F3A9CD9}
		{34C7DE35-FF93-4434-B71E-2D85357880D6} = {A69E26C2-836D-419C-9811-45DE073527D8}
	EndGlobalSection
	GlobalSection(ExtensibilityGlobals) = postSolution
		SolutionGuid = {68FBF6EF-CC27-48A4-9388-8790F38B8813}
	EndGlobalSection
EndGlobal
